// !$*UTF8*$!
{
	archiveVersion = 1;
	classes = {
	};
	objectVersion = 46;
	objects = {

/* Begin PBXBuildFile section */
		39FC31C51EC4809500A94F56 /* AppDelegate.swift in Sources */ = {isa = PBXBuildFile; fileRef = 39FC31C41EC4809500A94F56 /* AppDelegate.swift */; };
		39FC31C71EC4809500A94F56 /* ViewController.swift in Sources */ = {isa = PBXBuildFile; fileRef = 39FC31C61EC4809500A94F56 /* ViewController.swift */; };
		39FC31CA1EC4809500A94F56 /* Main.storyboard in Resources */ = {isa = PBXBuildFile; fileRef = 39FC31C81EC4809500A94F56 /* Main.storyboard */; };
		39FC31CC1EC4809500A94F56 /* Assets.xcassets in Resources */ = {isa = PBXBuildFile; fileRef = 39FC31CB1EC4809500A94F56 /* Assets.xcassets */; };
		39FC31CF1EC4809500A94F56 /* LaunchScreen.storyboard in Resources */ = {isa = PBXBuildFile; fileRef = 39FC31CD1EC4809500A94F56 /* LaunchScreen.storyboard */; };
/* End PBXBuildFile section */

/* Begin PBXFileReference section */
		39FC31C11EC4809500A94F56 /* BotNow.app */ = {isa = PBXFileReference; explicitFileType = wrapper.application; includeInIndex = 0; path = BotNow.app; sourceTree = BUILT_PRODUCTS_DIR; };
		39FC31C41EC4809500A94F56 /* AppDelegate.swift */ = {isa = PBXFileReference; lastKnownFileType = sourcecode.swift; path = AppDelegate.swift; sourceTree = "<group>"; };
		39FC31C61EC4809500A94F56 /* ViewController.swift */ = {isa = PBXFileReference; lastKnownFileType = sourcecode.swift; path = ViewController.swift; sourceTree = "<group>"; };
		39FC31C91EC4809500A94F56 /* Base */ = {isa = PBXFileReference; lastKnownFileType = file.storyboard; name = Base; path = Base.lproj/Main.storyboard; sourceTree = "<group>"; };
		39FC31CB1EC4809500A94F56 /* Assets.xcassets */ = {isa = PBXFileReference; lastKnownFileType = folder.assetcatalog; path = Assets.xcassets; sourceTree = "<group>"; };
		39FC31CE1EC4809500A94F56 /* Base */ = {isa = PBXFileReference; lastKnownFileType = file.storyboard; name = Base; path = Base.lproj/LaunchScreen.storyboard; sourceTree = "<group>"; };
		39FC31D01EC4809500A94F56 /* Info.plist */ = {isa = PBXFileReference; lastKnownFileType = text.plist.xml; path = Info.plist; sourceTree = "<group>"; };
/* End PBXFileReference section */

/* Begin PBXFrameworksBuildPhase section */
		39FC31BE1EC4809500A94F56 /* Frameworks */ = {
			isa = PBXFrameworksBuildPhase;
			buildActionMask = 2147483647;
			files = (
			);
			runOnlyForDeploymentPostprocessing = 0;
		};
/* End PBXFrameworksBuildPhase section */

/* Begin PBXGroup section */
		39FC31B81EC4809500A94F56 = {
			isa = PBXGroup;
			children = (
				39FC31C31EC4809500A94F56 /* BotNow */,
				39FC31C21EC4809500A94F56 /* Products */,
			);
			sourceTree = "<group>";
		};
		39FC31C21EC4809500A94F56 /* Products */ = {
			isa = PBXGroup;
			children = (
				39FC31C11EC4809500A94F56 /* BotNow.app */,
			);
			name = Products;
			sourceTree = "<group>";
		};
		39FC31C31EC4809500A94F56 /* BotNow */ = {
			isa = PBXGroup;
			children = (
				39FC31C41EC4809500A94F56 /* AppDelegate.swift */,
				39FC31C61EC4809500A94F56 /* ViewController.swift */,
				39FC31C81EC4809500A94F56 /* Main.storyboard */,
				39FC31CB1EC4809500A94F56 /* Assets.xcassets */,
				39FC31CD1EC4809500A94F56 /* LaunchScreen.storyboard */,
				39FC31D01EC4809500A94F56 /* Info.plist */,
			);
			path = BotNow;
			sourceTree = "<group>";
		};
/* End PBXGroup section */

/* Begin PBXNativeTarget section */
		39FC31C01EC4809500A94F56 /* BotNow */ = {
			isa = PBXNativeTarget;
			buildConfigurationList = 39FC31D31EC4809500A94F56 /* Build configuration list for PBXNativeTarget "BotNow" */;
			buildPhases = (
				39FC31BD1EC4809500A94F56 /* Sources */,
				39FC31BE1EC4809500A94F56 /* Frameworks */,
				39FC31BF1EC4809500A94F56 /* Resources */,
			);
			buildRules = (
			);
			dependencies = (
			);
			name = BotNow;
			productName = BotNow;
			productReference = 39FC31C11EC4809500A94F56 /* BotNow.app */;
			productType = "com.apple.product-type.application";
		};
/* End PBXNativeTarget section */

/* Begin PBXProject section */
		39FC31B91EC4809500A94F56 /* Project object */ = {
			isa = PBXProject;
			attributes = {
				LastSwiftUpdateCheck = 0830;
				LastUpgradeCheck = 0830;
				ORGANIZATIONNAME = Approcks;
				TargetAttributes = {
					39FC31C01EC4809500A94F56 = {
						CreatedOnToolsVersion = 8.3;
						DevelopmentTeam = E46WB37LUW;
						ProvisioningStyle = Automatic;
					};
				};
			};
			buildConfigurationList = 39FC31BC1EC4809500A94F56 /* Build configuration list for PBXProject "BotNow" */;
			compatibilityVersion = "Xcode 3.2";
			developmentRegion = English;
			hasScannedForEncodings = 0;
			knownRegions = (
				en,
				Base,
			);
			mainGroup = 39FC31B81EC4809500A94F56;
			productRefGroup = 39FC31C21EC4809500A94F56 /* Products */;
			projectDirPath = "";
			projectRoot = "";
			targets = (
				39FC31C01EC4809500A94F56 /* BotNow */,
			);
		};
/* End PBXProject section */

/* Begin PBXResourcesBuildPhase section */
		39FC31BF1EC4809500A94F56 /* Resources */ = {
			isa = PBXResourcesBuildPhase;
			buildActionMask = 2147483647;
			files = (
				39FC31CF1EC4809500A94F56 /* LaunchScreen.storyboard in Resources */,
				39FC31CC1EC4809500A94F56 /* Assets.xcassets in Resources */,
				39FC31CA1EC4809500A94F56 /* Main.storyboard in Resources */,
			);
			runOnlyForDeploymentPostprocessing = 0;
		};
/* End PBXResourcesBuildPhase section */

/* Begin PBXSourcesBuildPhase section */
		39FC31BD1EC4809500A94F56 /* Sources */ = {
			isa = PBXSourcesBuildPhase;
			buildActionMask = 2147483647;
			files = (
				39FC31C71EC4809500A94F56 /* ViewController.swift in Sources */,
				39FC31C51EC4809500A94F56 /* AppDelegate.swift in Sources */,
			);
			runOnlyForDeploymentPostprocessing = 0;
		};
/* End PBXSourcesBuildPhase section */

/* Begin PBXVariantGroup section */
		39FC31C81EC4809500A94F56 /* Main.storyboard */ = {
			isa = PBXVariantGroup;
			children = (
				39FC31C91EC4809500A94F56 /* Base */,
			);
			name = Main.storyboard;
			sourceTree = "<group>";
		};
		39FC31CD1EC4809500A94F56 /* LaunchScreen.storyboard */ = {
			isa = PBXVariantGroup;
			children = (
				39FC31CE1EC4809500A94F56 /* Base */,
			);
			name = LaunchScreen.storyboard;
			sourceTree = "<group>";
		};
/* End PBXVariantGroup section */

/* Begin XCBuildConfiguration section */
		39FC31D11EC4809500A94F56 /* Debug */ = {
			isa = XCBuildConfiguration;
			buildSettings = {
				ALWAYS_SEARCH_USER_PATHS = NO;
				CLANG_ANALYZER_NONNULL = YES;
				CLANG_ANALYZER_NUMBER_OBJECT_CONVERSION = YES_AGGRESSIVE;
				CLANG_CXX_LANGUAGE_STANDARD = "gnu++0x";
				CLANG_CXX_LIBRARY = "libc++";
				CLANG_ENABLE_MODULES = YES;
				CLANG_ENABLE_OBJC_ARC = YES;
				CLANG_WARN_BOOL_CONVERSION = YES;
				CLANG_WARN_CONSTANT_CONVERSION = YES;
				CLANG_WARN_DIRECT_OBJC_ISA_USAGE = YES_ERROR;
				CLANG_WARN_DOCUMENTATION_COMMENTS = YES;
				CLANG_WARN_EMPTY_BODY = YES;
				CLANG_WARN_ENUM_CONVERSION = YES;
				CLANG_WARN_INFINITE_RECURSION = YES;
				CLANG_WARN_INT_CONVERSION = YES;
				CLANG_WARN_OBJC_ROOT_CLASS = YES_ERROR;
				CLANG_WARN_SUSPICIOUS_MOVE = YES;
				CLANG_WARN_UNREACHABLE_CODE = YES;
				CLANG_WARN__DUPLICATE_METHOD_MATCH = YES;
				"CODE_SIGN_IDENTITY[sdk=iphoneos*]" = "iPhone Developer";
				COPY_PHASE_STRIP = NO;
				DEBUG_INFORMATION_FORMAT = dwarf;
				ENABLE_STRICT_OBJC_MSGSEND = YES;
				ENABLE_TESTABILITY = YES;
				GCC_C_LANGUAGE_STANDARD = gnu99;
				GCC_DYNAMIC_NO_PIC = NO;
				GCC_NO_COMMON_BLOCKS = YES;
				GCC_OPTIMIZATION_LEVEL = 0;
				GCC_PREPROCESSOR_DEFINITIONS = (
					"DEBUG=1",
					"$(inherited)",
				);
				GCC_WARN_64_TO_32_BIT_CONVERSION = YES;
				GCC_WARN_ABOUT_RETURN_TYPE = YES_ERROR;
				GCC_WARN_UNDECLARED_SELECTOR = YES;
				GCC_WARN_UNINITIALIZED_AUTOS = YES_AGGRESSIVE;
				GCC_WARN_UNUSED_FUNCTION = YES;
				GCC_WARN_UNUSED_VARIABLE = YES;
				IPHONEOS_DEPLOYMENT_TARGET = 10.3;
				MTL_ENABLE_DEBUG_INFO = YES;
				ONLY_ACTIVE_ARCH = YES;
				SDKROOT = iphoneos;
				SWIFT_ACTIVE_COMPILATION_CONDITIONS = DEBUG;
				SWIFT_OPTIMIZATION_LEVEL = "-Onone";
				TARGETED_DEVICE_FAMILY = "1,2";
			};
			name = Debug;
		};
		39FC31D21EC4809500A94F56 /* Release */ = {
			isa = XCBuildConfiguration;
			buildSettings = {
				ALWAYS_SEARCH_USER_PATHS = NO;
				CLANG_ANALYZER_NONNULL = YES;
				CLANG_ANALYZER_NUMBER_OBJECT_CONVERSION = YES_AGGRESSIVE;
				CLANG_CXX_LANGUAGE_STANDARD = "gnu++0x";
				CLANG_CXX_LIBRARY = "libc++";
				CLANG_ENABLE_MODULES = YES;
				CLANG_ENABLE_OBJC_ARC = YES;
				CLANG_WARN_BOOL_CONVERSION = YES;
				CLANG_WARN_CONSTANT_CONVERSION = YES;
				CLANG_WARN_DIRECT_OBJC_ISA_USAGE = YES_ERROR;
				CLANG_WARN_DOCUMENTATION_COMMENTS = YES;
				CLANG_WARN_EMPTY_BODY = YES;
				CLANG_WARN_ENUM_CONVERSION = YES;
				CLANG_WARN_INFINITE_RECURSION = YES;
				CLANG_WARN_INT_CONVERSION = YES;
				CLANG_WARN_OBJC_ROOT_CLASS = YES_ERROR;
				CLANG_WARN_SUSPICIOUS_MOVE = YES;
				CLANG_WARN_UNREACHABLE_CODE = YES;
				CLANG_WARN__DUPLICATE_METHOD_MATCH = YES;
				"CODE_SIGN_IDENTITY[sdk=iphoneos*]" = "iPhone Developer";
				COPY_PHASE_STRIP = NO;
				DEBUG_INFORMATION_FORMAT = "dwarf-with-dsym";
				ENABLE_NS_ASSERTIONS = NO;
				ENABLE_STRICT_OBJC_MSGSEND = YES;
				GCC_C_LANGUAGE_STANDARD = gnu99;
				GCC_NO_COMMON_BLOCKS = YES;
				GCC_WARN_64_TO_32_BIT_CONVERSION = YES;
				GCC_WARN_ABOUT_RETURN_TYPE = YES_ERROR;
				GCC_WARN_UNDECLARED_SELECTOR = YES;
				GCC_WARN_UNINITIALIZED_AUTOS = YES_AGGRESSIVE;
				GCC_WARN_UNUSED_FUNCTION = YES;
				GCC_WARN_UNUSED_VARIABLE = YES;
				IPHONEOS_DEPLOYMENT_TARGET = 10.3;
				MTL_ENABLE_DEBUG_INFO = NO;
				SDKROOT = iphoneos;
				SWIFT_OPTIMIZATION_LEVEL = "-Owholemodule";
				TARGETED_DEVICE_FAMILY = "1,2";
				VALIDATE_PRODUCT = YES;
			};
			name = Release;
		};
		39FC31D41EC4809500A94F56 /* Debug */ = {
			isa = XCBuildConfiguration;
			buildSettings = {
				ASSETCATALOG_COMPILER_APPICON_NAME = AppIcon;
				DEVELOPMENT_TEAM = E46WB37LUW;
				INFOPLIST_FILE = BotNow/Info.plist;
				IPHONEOS_DEPLOYMENT_TARGET = 8.0;
				LD_RUNPATH_SEARCH_PATHS = "$(inherited) @executable_path/Frameworks";
				PRODUCT_BUNDLE_IDENTIFIER = com.Approcks.BotNow;
				PRODUCT_NAME = "$(TARGET_NAME)";
				SWIFT_VERSION = 3.0;
			};
			name = Debug;
		};
		39FC31D51EC4809500A94F56 /* Release */ = {
			isa = XCBuildConfiguration;
			buildSettings = {
				ASSETCATALOG_COMPILER_APPICON_NAME = AppIcon;
				DEVELOPMENT_TEAM = E46WB37LUW;
				INFOPLIST_FILE = BotNow/Info.plist;
				IPHONEOS_DEPLOYMENT_TARGET = 8.0;
				LD_RUNPATH_SEARCH_PATHS = "$(inherited) @executable_path/Frameworks";
				PRODUCT_BUNDLE_IDENTIFIER = com.Approcks.BotNow;
				PRODUCT_NAME = "$(TARGET_NAME)";
				SWIFT_VERSION = 3.0;
			};
			name = Release;
		};
/* End XCBuildConfiguration section */

/* Begin XCConfigurationList section */
		39FC31BC1EC4809500A94F56 /* Build configuration list for PBXProject "BotNow" */ = {
			isa = XCConfigurationList;
			buildConfigurations = (
				39FC31D11EC4809500A94F56 /* Debug */,
				39FC31D21EC4809500A94F56 /* Release */,
			);
			defaultConfigurationIsVisible = 0;
			defaultConfigurationName = Release;
		};
		39FC31D31EC4809500A94F56 /* Build configuration list for PBXNativeTarget "BotNow" */ = {
			isa = XCConfigurationList;
			buildConfigurations = (
				39FC31D41EC4809500A94F56 /* Debug */,
				39FC31D51EC4809500A94F56 /* Release */,
			);
			defaultConfigurationIsVisible = 0;
		};
/* End XCConfigurationList section */
	};
	rootObject = 39FC31B91EC4809500A94F56 /* Project object */;
}
